
Microsoft Visual Studio Solution File, Format Version 12.00
# Visual Studio Version 16
VisualStudioVersion = 16.0.32126.315
MinimumVisualStudioVersion = 10.0.40219.1
Project("{9A19103F-16F7-4668-BE54-9A1E7A4F7556}") = "ProjectEntities", "ProjectEntities\ProjectEntities.csproj", "{7E323B05-126C-4B16-A5F9-293A378D4540}"
EndProject
Project("{9A19103F-16F7-4668-BE54-9A1E7A4F7556}") = "DataAccessLayer", "DataAccessLayer\DataAccessLayer.csproj", "{86A3CC27-980B-4629-8982-6A721E23E563}"
EndProject
Project("{9A19103F-16F7-4668-BE54-9A1E7A4F7556}") = "BusinessLayer", "BusinessLayer\BusinessLayer.csproj", "{9D83FCE1-5423-4488-9F10-4A8E84F2C436}"
EndProject
Project("{9A19103F-16F7-4668-BE54-9A1E7A4F7556}") = "Project.API", "Project.API\Project.API.csproj", "{7B587AC2-416F-4469-8468-D6F10F760836}"
EndProject
Project("{2150E333-8FDC-42A3-9474-1A3956D46DE8}") = "ReadMe", "ReadMe", "{5EDBFC89-7195-4F87-90F6-6758062CD433}"
	ProjectSection(SolutionItems) = preProject
		ReadMe.txt = ReadMe.txt
	EndProjectSection
EndProject
Global
	GlobalSection(SolutionConfigurationPlatforms) = preSolution
		Debug|Any CPU = Debug|Any CPU
		Release|Any CPU = Release|Any CPU
	EndGlobalSection
	GlobalSection(ProjectConfigurationPlatforms) = postSolution
		{7E323B05-126C-4B16-A5F9-293A378D4540}.Debug|Any CPU.ActiveCfg = Debug|Any CPU
		{7E323B05-126C-4B16-A5F9-293A378D4540}.Debug|Any CPU.Build.0 = Debug|Any CPU
		{7E323B05-126C-4B16-A5F9-293A378D4540}.Release|Any CPU.ActiveCfg = Release|Any CPU
		{7E323B05-126C-4B16-A5F9-293A378D4540}.Release|Any CPU.Build.0 = Release|Any CPU
		{86A3CC27-980B-4629-8982-6A721E23E563}.Debug|Any CPU.ActiveCfg = Debug|Any CPU
		{86A3CC27-980B-4629-8982-6A721E23E563}.Debug|Any CPU.Build.0 = Debug|Any CPU
		{86A3CC27-980B-4629-8982-6A721E23E563}.Release|Any CPU.ActiveCfg = Release|Any CPU
		{86A3CC27-980B-4629-8982-6A721E23E563}.Release|Any CPU.Build.0 = Release|Any CPU
		{9D83FCE1-5423-4488-9F10-4A8E84F2C436}.Debug|Any CPU.ActiveCfg = Debug|Any CPU
		{9D83FCE1-5423-4488-9F10-4A8E84F2C436}.Debug|Any CPU.Build.0 = Debug|Any CPU
		{9D83FCE1-5423-4488-9F10-4A8E84F2C436}.Release|Any CPU.ActiveCfg = Release|Any CPU
		{9D83FCE1-5423-4488-9F10-4A8E84F2C436}.Release|Any CPU.Build.0 = Release|Any CPU
		{7B587AC2-416F-4469-8468-D6F10F760836}.Debug|Any CPU.ActiveCfg = Release|Any CPU
		{7B587AC2-416F-4469-8468-D6F10F760836}.Debug|Any CPU.Build.0 = Release|Any CPU
		{7B587AC2-416F-4469-8468-D6F10F760836}.Release|Any CPU.ActiveCfg = Release|Any CPU
		{7B587AC2-416F-4469-8468-D6F10F760836}.Release|Any CPU.Build.0 = Release|Any CPU
	EndGlobalSection
	GlobalSection(SolutionProperties) = preSolution
		HideSolutionNode = FALSE
	EndGlobalSection
	GlobalSection(ExtensibilityGlobals) = postSolution
		SolutionGuid = {82AEDC05-CE4B-4097-8E1D-21C7E2F42CA0}
	EndGlobalSection
EndGlobal
